// !$*UTF8*$!
{
	archiveVersion = 1;
	classes = {
	};
	objectVersion = 56;
	objects = {

/* Begin PBXBuildFile section */
		2E578BDC28F2C4E800685E8D /* Pokemon.swift in Sources */ = {isa = PBXBuildFile; fileRef = 2E578BDB28F2C4E800685E8D /* Pokemon.swift */; };
		2E578BDF28F2C7DE00685E8D /* PokemonManager.swift in Sources */ = {isa = PBXBuildFile; fileRef = 2E578BDE28F2C7DE00685E8D /* PokemonManager.swift */; };
		2E578BE228F2C91700685E8D /* PokemonViewModel.swift in Sources */ = {isa = PBXBuildFile; fileRef = 2E578BE128F2C91700685E8D /* PokemonViewModel.swift */; };
		2E578BE528F2E15600685E8D /* PokemonDetailView.swift in Sources */ = {isa = PBXBuildFile; fileRef = 2E578BE428F2E15600685E8D /* PokemonDetailView.swift */; };
		2E578BE728F2E33000685E8D /* PokemonView.swift in Sources */ = {isa = PBXBuildFile; fileRef = 2E578BE628F2E33000685E8D /* PokemonView.swift */; };
		2EA0AB7328E57A28007B092A /* pokedexApp.swift in Sources */ = {isa = PBXBuildFile; fileRef = 2EA0AB7228E57A28007B092A /* pokedexApp.swift */; };
		2EA0AB7528E57A28007B092A /* ContentView.swift in Sources */ = {isa = PBXBuildFile; fileRef = 2EA0AB7428E57A28007B092A /* ContentView.swift */; };
		2EA0AB7728E57A28007B092A /* Assets.xcassets in Resources */ = {isa = PBXBuildFile; fileRef = 2EA0AB7628E57A28007B092A /* Assets.xcassets */; };
		2EA0AB7A28E57A28007B092A /* Preview Assets.xcassets in Resources */ = {isa = PBXBuildFile; fileRef = 2EA0AB7928E57A28007B092A /* Preview Assets.xcassets */; };
		2EA0AB8228E57BDF007B092A /* pokemon.json in Resources */ = {isa = PBXBuildFile; fileRef = 2EA0AB8128E57BDF007B092A /* pokemon.json */; };
		2EA0AB8528E57CD5007B092A /* Helpers.swift in Sources */ = {isa = PBXBuildFile; fileRef = 2EA0AB8428E57CD5007B092A /* Helpers.swift */; };
/* End PBXBuildFile section */

/* Begin PBXFileReference section */
		2E578BDB28F2C4E800685E8D /* Pokemon.swift */ = {isa = PBXFileReference; lastKnownFileType = sourcecode.swift; path = Pokemon.swift; sourceTree = "<group>"; };
		2E578BDE28F2C7DE00685E8D /* PokemonManager.swift */ = {isa = PBXFileReference; lastKnownFileType = sourcecode.swift; path = PokemonManager.swift; sourceTree = "<group>"; };
		2E578BE128F2C91700685E8D /* PokemonViewModel.swift */ = {isa = PBXFileReference; lastKnownFileType = sourcecode.swift; path = PokemonViewModel.swift; sourceTree = "<group>"; };
		2E578BE428F2E15600685E8D /* PokemonDetailView.swift */ = {isa = PBXFileReference; lastKnownFileType = sourcecode.swift; path = PokemonDetailView.swift; sourceTree = "<group>"; };
		2E578BE628F2E33000685E8D /* PokemonView.swift */ = {isa = PBXFileReference; lastKnownFileType = sourcecode.swift; path = PokemonView.swift; sourceTree = "<group>"; };
		2EA0AB6F28E57A28007B092A /* pokedex.app */ = {isa = PBXFileReference; explicitFileType = wrapper.application; includeInIndex = 0; path = pokedex.app; sourceTree = BUILT_PRODUCTS_DIR; };
		2EA0AB7228E57A28007B092A /* pokedexApp.swift */ = {isa = PBXFileReference; lastKnownFileType = sourcecode.swift; path = pokedexApp.swift; sourceTree = "<group>"; };
		2EA0AB7428E57A28007B092A /* ContentView.swift */ = {isa = PBXFileReference; lastKnownFileType = sourcecode.swift; path = ContentView.swift; sourceTree = "<group>"; };
		2EA0AB7628E57A28007B092A /* Assets.xcassets */ = {isa = PBXFileReference; lastKnownFileType = folder.assetcatalog; path = Assets.xcassets; sourceTree = "<group>"; };
		2EA0AB7928E57A28007B092A /* Preview Assets.xcassets */ = {isa = PBXFileReference; lastKnownFileType = folder.assetcatalog; path = "Preview Assets.xcassets"; sourceTree = "<group>"; };
		2EA0AB8128E57BDF007B092A /* pokemon.json */ = {isa = PBXFileReference; lastKnownFileType = text.json; path = pokemon.json; sourceTree = "<group>"; };
		2EA0AB8428E57CD5007B092A /* Helpers.swift */ = {isa = PBXFileReference; lastKnownFileType = sourcecode.swift; path = Helpers.swift; sourceTree = "<group>"; };
/* End PBXFileReference section */

/* Begin PBXFrameworksBuildPhase section */
		2EA0AB6C28E57A28007B092A /* Frameworks */ = {
			isa = PBXFrameworksBuildPhase;
			buildActionMask = 2147483647;
			files = (
			);
			runOnlyForDeploymentPostprocessing = 0;
		};
/* End PBXFrameworksBuildPhase section */

/* Begin PBXGroup section */
		2E578BDA28F2C4C500685E8D /* Models */ = {
			isa = PBXGroup;
			children = (
				2E578BDB28F2C4E800685E8D /* Pokemon.swift */,
			);
			path = Models;
			sourceTree = "<group>";
		};
		2E578BDD28F2C7C700685E8D /* Managers */ = {
			isa = PBXGroup;
			children = (
				2E578BDE28F2C7DE00685E8D /* PokemonManager.swift */,
			);
			path = Managers;
			sourceTree = "<group>";
		};
		2E578BE028F2C90200685E8D /* ViewModels */ = {
			isa = PBXGroup;
			children = (
				2E578BE128F2C91700685E8D /* PokemonViewModel.swift */,
			);
			path = ViewModels;
			sourceTree = "<group>";
		};
		2E578BE328F2E0C900685E8D /* Views */ = {
			isa = PBXGroup;
			children = (
				2EA0AB7428E57A28007B092A /* ContentView.swift */,
				2E578BE428F2E15600685E8D /* PokemonDetailView.swift */,
				2E578BE628F2E33000685E8D /* PokemonView.swift */,
			);
			path = Views;
			sourceTree = "<group>";
		};
		2EA0AB6628E57A28007B092A = {
			isa = PBXGroup;
			children = (
				2EA0AB7128E57A28007B092A /* pokedex */,
				2EA0AB7028E57A28007B092A /* Products */,
			);
			sourceTree = "<group>";
		};
		2EA0AB7028E57A28007B092A /* Products */ = {
			isa = PBXGroup;
			children = (
				2EA0AB6F28E57A28007B092A /* pokedex.app */,
			);
			name = Products;
			sourceTree = "<group>";
		};
		2EA0AB7128E57A28007B092A /* pokedex */ = {
			isa = PBXGroup;
			children = (
				2E578BE328F2E0C900685E8D /* Views */,
				2E578BE028F2C90200685E8D /* ViewModels */,
				2E578BDD28F2C7C700685E8D /* Managers */,
				2E578BDA28F2C4C500685E8D /* Models */,
				2EA0AB8328E57CC2007B092A /* Helpers */,
				2EA0AB8028E57BA5007B092A /* Data */,
				2EA0AB7228E57A28007B092A /* pokedexApp.swift */,
				2EA0AB7628E57A28007B092A /* Assets.xcassets */,
				2EA0AB7828E57A28007B092A /* Preview Content */,
			);
			path = pokedex;
			sourceTree = "<group>";
		};
		2EA0AB7828E57A28007B092A /* Preview Content */ = {
			isa = PBXGroup;
			children = (
				2EA0AB7928E57A28007B092A /* Preview Assets.xcassets */,
			);
			path = "Preview Content";
			sourceTree = "<group>";
		};
		2EA0AB8028E57BA5007B092A /* Data */ = {
			isa = PBXGroup;
			children = (
				2EA0AB8128E57BDF007B092A /* pokemon.json */,
			);
			path = Data;
			sourceTree = "<group>";
		};
		2EA0AB8328E57CC2007B092A /* Helpers */ = {
			isa = PBXGroup;
			children = (
				2EA0AB8428E57CD5007B092A /* Helpers.swift */,
			);
			path = Helpers;
			sourceTree = "<group>";
		};
/* End PBXGroup section */

/* Begin PBXNativeTarget section */
		2EA0AB6E28E57A28007B092A /* pokedex */ = {
			isa = PBXNativeTarget;
			buildConfigurationList = 2EA0AB7D28E57A28007B092A /* Build configuration list for PBXNativeTarget "pokedex" */;
			buildPhases = (
				2EA0AB6B28E57A28007B092A /* Sources */,
				2EA0AB6C28E57A28007B092A /* Frameworks */,
				2EA0AB6D28E57A28007B092A /* Resources */,
			);
			buildRules = (
			);
			dependencies = (
			);
			name = pokedex;
			productName = pokedex;
			productReference = 2EA0AB6F28E57A28007B092A /* pokedex.app */;
			productType = "com.apple.product-type.application";
		};
/* End PBXNativeTarget section */

/* Begin PBXProject section */
		2EA0AB6728E57A28007B092A /* Project object */ = {
			isa = PBXProject;
			attributes = {
				BuildIndependentTargetsInParallel = 1;
				LastSwiftUpdateCheck = 1400;
				LastUpgradeCheck = 1400;
				TargetAttributes = {
					2EA0AB6E28E57A28007B092A = {
						CreatedOnToolsVersion = 14.0;
					};
				};
			};
			buildConfigurationList = 2EA0AB6A28E57A28007B092A /* Build configuration list for PBXProject "pokedex" */;
			compatibilityVersion = "Xcode 14.0";
			developmentRegion = en;
			hasScannedForEncodings = 0;
			knownRegions = (
				en,
				Base,
			);
			mainGroup = 2EA0AB6628E57A28007B092A;
			productRefGroup = 2EA0AB7028E57A28007B092A /* Products */;
			projectDirPath = "";
			projectRoot = "";
			targets = (
				2EA0AB6E28E57A28007B092A /* pokedex */,
			);
		};
/* End PBXProject section */

/* Begin PBXResourcesBuildPhase section */
		2EA0AB6D28E57A28007B092A /* Resources */ = {
			isa = PBXResourcesBuildPhase;
			buildActionMask = 2147483647;
			files = (
				2EA0AB7A28E57A28007B092A /* Preview Assets.xcassets in Resources */,
				2EA0AB8228E57BDF007B092A /* pokemon.json in Resources */,
				2EA0AB7728E57A28007B092A /* Assets.xcassets in Resources */,
			);
			runOnlyForDeploymentPostprocessing = 0;
		};
/* End PBXResourcesBuildPhase section */

/* Begin PBXSourcesBuildPhase section */
		2EA0AB6B28E57A28007B092A /* Sources */ = {
			isa = PBXSourcesBuildPhase;
			buildActionMask = 2147483647;
			files = (
				2E578BE728F2E33000685E8D /* PokemonView.swift in Sources */,
				2EA0AB7528E57A28007B092A /* ContentView.swift in Sources */,
				2E578BDC28F2C4E800685E8D /* Pokemon.swift in Sources */,
				2E578BE228F2C91700685E8D /* PokemonViewModel.swift in Sources */,
				2E578BDF28F2C7DE00685E8D /* PokemonManager.swift in Sources */,
				2EA0AB8528E57CD5007B092A /* Helpers.swift in Sources */,
				2E578BE528F2E15600685E8D /* PokemonDetailView.swift in Sources */,
				2EA0AB7328E57A28007B092A /* pokedexApp.swift in Sources */,
			);
			runOnlyForDeploymentPostprocessing = 0;
		};
/* End PBXSourcesBuildPhase section */

/* Begin XCBuildConfiguration section */
		2EA0AB7B28E57A28007B092A /* Debug */ = {
			isa = XCBuildConfiguration;
			buildSettings = {
				ALWAYS_SEARCH_USER_PATHS = NO;
				CLANG_ANALYZER_NONNULL = YES;
				CLANG_ANALYZER_NUMBER_OBJECT_CONVERSION = YES_AGGRESSIVE;
				CLANG_CXX_LANGUAGE_STANDARD = "gnu++20";
				CLANG_ENABLE_MODULES = YES;
				CLANG_ENABLE_OBJC_ARC = YES;
				CLANG_ENABLE_OBJC_WEAK = YES;
				CLANG_WARN_BLOCK_CAPTURE_AUTORELEASING = YES;
				CLANG_WARN_BOOL_CONVERSION = YES;
				CLANG_WARN_COMMA = YES;
				CLANG_WARN_CONSTANT_CONVERSION = YES;
				CLANG_WARN_DEPRECATED_OBJC_IMPLEMENTATIONS = YES;
				CLANG_WARN_DIRECT_OBJC_ISA_USAGE = YES_ERROR;
				CLANG_WARN_DOCUMENTATION_COMMENTS = YES;
				CLANG_WARN_EMPTY_BODY = YES;
				CLANG_WARN_ENUM_CONVERSION = YES;
				CLANG_WARN_INFINITE_RECURSION = YES;
				CLANG_WARN_INT_CONVERSION = YES;
				CLANG_WARN_NON_LITERAL_NULL_CONVERSION = YES;
				CLANG_WARN_OBJC_IMPLICIT_RETAIN_SELF = YES;
				CLANG_WARN_OBJC_LITERAL_CONVERSION = YES;
				CLANG_WARN_OBJC_ROOT_CLASS = YES_ERROR;
				CLANG_WARN_QUOTED_INCLUDE_IN_FRAMEWORK_HEADER = YES;
				CLANG_WARN_RANGE_LOOP_ANALYSIS = YES;
				CLANG_WARN_STRICT_PROTOTYPES = YES;
				CLANG_WARN_SUSPICIOUS_MOVE = YES;
				CLANG_WARN_UNGUARDED_AVAILABILITY = YES_AGGRESSIVE;
				CLANG_WARN_UNREACHABLE_CODE = YES;
				CLANG_WARN__DUPLICATE_METHOD_MATCH = YES;
				COPY_PHASE_STRIP = NO;
				DEBUG_INFORMATION_FORMAT = dwarf;
				ENABLE_STRICT_OBJC_MSGSEND = YES;
				ENABLE_TESTABILITY = YES;
				GCC_C_LANGUAGE_STANDARD = gnu11;
				GCC_DYNAMIC_NO_PIC = NO;
				GCC_NO_COMMON_BLOCKS = YES;
				GCC_OPTIMIZATION_LEVEL = 0;
				GCC_PREPROCESSOR_DEFINITIONS = (
					"DEBUG=1",
					"$(inherited)",
				);
				GCC_WARN_64_TO_32_BIT_CONVERSION = YES;
				GCC_WARN_ABOUT_RETURN_TYPE = YES_ERROR;
				GCC_WARN_UNDECLARED_SELECTOR = YES;
				GCC_WARN_UNINITIALIZED_AUTOS = YES_AGGRESSIVE;
				GCC_WARN_UNUSED_FUNCTION = YES;
				GCC_WARN_UNUSED_VARIABLE = YES;
				IPHONEOS_DEPLOYMENT_TARGET = 16.0;
				MTL_ENABLE_DEBUG_INFO = INCLUDE_SOURCE;
				MTL_FAST_MATH = YES;
				ONLY_ACTIVE_ARCH = YES;
				SDKROOT = iphoneos;
				SWIFT_ACTIVE_COMPILATION_CONDITIONS = DEBUG;
				SWIFT_OPTIMIZATION_LEVEL = "-Onone";
			};
			name = Debug;
		};
		2EA0AB7C28E57A28007B092A /* Release */ = {
			isa = XCBuildConfiguration;
			buildSettings = {
				ALWAYS_SEARCH_USER_PATHS = NO;
				CLANG_ANALYZER_NONNULL = YES;
				CLANG_ANALYZER_NUMBER_OBJECT_CONVERSION = YES_AGGRESSIVE;
				CLANG_CXX_LANGUAGE_STANDARD = "gnu++20";
				CLANG_ENABLE_MODULES = YES;
				CLANG_ENABLE_OBJC_ARC = YES;
				CLANG_ENABLE_OBJC_WEAK = YES;
				CLANG_WARN_BLOCK_CAPTURE_AUTORELEASING = YES;
				CLANG_WARN_BOOL_CONVERSION = YES;
				CLANG_WARN_COMMA = YES;
				CLANG_WARN_CONSTANT_CONVERSION = YES;
				CLANG_WARN_DEPRECATED_OBJC_IMPLEMENTATIONS = YES;
				CLANG_WARN_DIRECT_OBJC_ISA_USAGE = YES_ERROR;
				CLANG_WARN_DOCUMENTATION_COMMENTS = YES;
				CLANG_WARN_EMPTY_BODY = YES;
				CLANG_WARN_ENUM_CONVERSION = YES;
				CLANG_WARN_INFINITE_RECURSION = YES;
				CLANG_WARN_INT_CONVERSION = YES;
				CLANG_WARN_NON_LITERAL_NULL_CONVERSION = YES;
				CLANG_WARN_OBJC_IMPLICIT_RETAIN_SELF = YES;
				CLANG_WARN_OBJC_LITERAL_CONVERSION = YES;
				CLANG_WARN_OBJC_ROOT_CLASS = YES_ERROR;
				CLANG_WARN_QUOTED_INCLUDE_IN_FRAMEWORK_HEADER = YES;
				CLANG_WARN_RANGE_LOOP_ANALYSIS = YES;
				CLANG_WARN_STRICT_PROTOTYPES = YES;
				CLANG_WARN_SUSPICIOUS_MOVE = YES;
				CLANG_WARN_UNGUARDED_AVAILABILITY = YES_AGGRESSIVE;
				CLANG_WARN_UNREACHABLE_CODE = YES;
				CLANG_WARN__DUPLICATE_METHOD_MATCH = YES;
				COPY_PHASE_STRIP = NO;
				DEBUG_INFORMATION_FORMAT = "dwarf-with-dsym";
				ENABLE_NS_ASSERTIONS = NO;
				ENABLE_STRICT_OBJC_MSGSEND = YES;
				GCC_C_LANGUAGE_STANDARD = gnu11;
				GCC_NO_COMMON_BLOCKS = YES;
				GCC_WARN_64_TO_32_BIT_CONVERSION = YES;
				GCC_WARN_ABOUT_RETURN_TYPE = YES_ERROR;
				GCC_WARN_UNDECLARED_SELECTOR = YES;
				GCC_WARN_UNINITIALIZED_AUTOS = YES_AGGRESSIVE;
				GCC_WARN_UNUSED_FUNCTION = YES;
				GCC_WARN_UNUSED_VARIABLE = YES;
				IPHONEOS_DEPLOYMENT_TARGET = 16.0;
				MTL_ENABLE_DEBUG_INFO = NO;
				MTL_FAST_MATH = YES;
				SDKROOT = iphoneos;
				SWIFT_COMPILATION_MODE = wholemodule;
				SWIFT_OPTIMIZATION_LEVEL = "-O";
				VALIDATE_PRODUCT = YES;
			};
			name = Release;
		};
		2EA0AB7E28E57A28007B092A /* Debug */ = {
			isa = XCBuildConfiguration;
			buildSettings = {
				ASSETCATALOG_COMPILER_APPICON_NAME = AppIcon;
				ASSETCATALOG_COMPILER_GLOBAL_ACCENT_COLOR_NAME = AccentColor;
				CODE_SIGN_STYLE = Automatic;
				CURRENT_PROJECT_VERSION = 1;
				DEVELOPMENT_ASSET_PATHS = "\"pokedex/Preview Content\"";
				DEVELOPMENT_TEAM = NH9U89BPWK;
				ENABLE_PREVIEWS = YES;
				GENERATE_INFOPLIST_FILE = YES;
				INFOPLIST_KEY_UIApplicationSceneManifest_Generation = YES;
				INFOPLIST_KEY_UIApplicationSupportsIndirectInputEvents = YES;
				INFOPLIST_KEY_UILaunchScreen_Generation = YES;
				INFOPLIST_KEY_UISupportedInterfaceOrientations_iPad = "UIInterfaceOrientationPortrait UIInterfaceOrientationPortraitUpsideDown UIInterfaceOrientationLandscapeLeft UIInterfaceOrientationLandscapeRight";
				INFOPLIST_KEY_UISupportedInterfaceOrientations_iPhone = "UIInterfaceOrientationPortrait UIInterfaceOrientationLandscapeLeft UIInterfaceOrientationLandscapeRight";
				LD_RUNPATH_SEARCH_PATHS = (
					"$(inherited)",
					"@executable_path/Frameworks",
				);
				MARKETING_VERSION = 1.0;
				PRODUCT_BUNDLE_IDENTIFIER = com.irfanizudin.pokedex;
				PRODUCT_NAME = "$(TARGET_NAME)";
				SWIFT_EMIT_LOC_STRINGS = YES;
				SWIFT_VERSION = 5.0;
				TARGETED_DEVICE_FAMILY = "1,2";
			};
			name = Debug;
		};
		2EA0AB7F28E57A28007B092A /* Release */ = {
			isa = XCBuildConfiguration;
			buildSettings = {
				ASSETCATALOG_COMPILER_APPICON_NAME = AppIcon;
				ASSETCATALOG_COMPILER_GLOBAL_ACCENT_COLOR_NAME = AccentColor;
				CODE_SIGN_STYLE = Automatic;
				CURRENT_PROJECT_VERSION = 1;
				DEVELOPMENT_ASSET_PATHS = "\"pokedex/Preview Content\"";
				DEVELOPMENT_TEAM = NH9U89BPWK;
				ENABLE_PREVIEWS = YES;
				GENERATE_INFOPLIST_FILE = YES;
				INFOPLIST_KEY_UIApplicationSceneManifest_Generation = YES;
				INFOPLIST_KEY_UIApplicationSupportsIndirectInputEvents = YES;
				INFOPLIST_KEY_UILaunchScreen_Generation = YES;
				INFOPLIST_KEY_UISupportedInterfaceOrientations_iPad = "UIInterfaceOrientationPortrait UIInterfaceOrientationPortraitUpsideDown UIInterfaceOrientationLandscapeLeft UIInterfaceOrientationLandscapeRight";
				INFOPLIST_KEY_UISupportedInterfaceOrientations_iPhone = "UIInterfaceOrientationPortrait UIInterfaceOrientationLandscapeLeft UIInterfaceOrientationLandscapeRight";
				LD_RUNPATH_SEARCH_PATHS = (
					"$(inherited)",
					"@executable_path/Frameworks",
				);
				MARKETING_VERSION = 1.0;
				PRODUCT_BUNDLE_IDENTIFIER = com.irfanizudin.pokedex;
				PRODUCT_NAME = "$(TARGET_NAME)";
				SWIFT_EMIT_LOC_STRINGS = YES;
				SWIFT_VERSION = 5.0;
				TARGETED_DEVICE_FAMILY = "1,2";
			};
			name = Release;
		};
/* End XCBuildConfiguration section */

/* Begin XCConfigurationList section */
		2EA0AB6A28E57A28007B092A /* Build configuration list for PBXProject "pokedex" */ = {
			isa = XCConfigurationList;
			buildConfigurations = (
				2EA0AB7B28E57A28007B092A /* Debug */,
				2EA0AB7C28E57A28007B092A /* Release */,
			);
			defaultConfigurationIsVisible = 0;
			defaultConfigurationName = Release;
		};
		2EA0AB7D28E57A28007B092A /* Build configuration list for PBXNativeTarget "pokedex" */ = {
			isa = XCConfigurationList;
			buildConfigurations = (
				2EA0AB7E28E57A28007B092A /* Debug */,
				2EA0AB7F28E57A28007B092A /* Release */,
			);
			defaultConfigurationIsVisible = 0;
			defaultConfigurationName = Release;
		};
/* End XCConfigurationList section */
	};
	rootObject = 2EA0AB6728E57A28007B092A /* Project object */;
}
